# This file is automatically @generated by Poetry 2.0.1 and should not be changed by hand.

[[package]]
name = "aiosqlite"
version = "0.20.0"
description = "asyncio bridge to the standard sqlite3 module"
optional = false
python-versions = ">=3.8"
groups = ["main"]
files = [
    {file = "aiosqlite-0.20.0-py3-none-any.whl", hash = "sha256:36a1deaca0cac40ebe32aac9977a6e2bbc7f5189f23f4a54d5908986729e5bd6"},
    {file = "aiosqlite-0.20.0.tar.gz", hash = "sha256:6d35c8c256637f4672f843c31021464090805bf925385ac39473fb16eaaca3d7"},
]

[package.dependencies]
typing_extensions = ">=4.0"

[package.extras]
dev = ["attribution (==1.7.0)", "black (==24.2.0)", "coverage[toml] (==7.4.1)", "flake8 (==7.0.0)", "flake8-bugbear (==24.2.6)", "flit (==3.9.0)", "mypy (==1.8.0)", "ufmt (==2.3.0)", "usort (==1.0.8.post1)"]
docs = ["sphinx (==7.2.6)", "sphinx-mdinclude (==0.5.3)"]

[[package]]
name = "bac0"
version = "2024.9.20"
description = "BACnet Scripting Framework for testing DDC Controls"
optional = false
python-versions = "*"
groups = ["main"]
files = [
    {file = "BAC0-2024.9.20-py3-none-any.whl", hash = "sha256:74e030db63249a8e84f50f62e69f5037234e025889b0695e634422f58117516b"},
    {file = "bac0-2024.9.20.tar.gz", hash = "sha256:21a27280f0d4903125320d0297bb83e0c24ac2b1da84dc94f8ff1bc5c157e210"},
]

[package.dependencies]
aiosqlite = "*"
BACpypes3 = "*"
colorama = "*"
python-dotenv = "*"
pytz = "*"

[package.extras]
extras = ["coverage", "influxdb-client[async]", "pandas", "pytest-asyncio", "rich"]

[[package]]
name = "bacpypes3"
version = "0.0.98"
description = "BACnet Communications Library"
optional = false
python-versions = "*"
groups = ["main"]
files = [
    {file = "bacpypes3-0.0.98-py3-none-any.whl", hash = "sha256:d8b20c1fdfac49d75ff9db43177d0f506bd7dba8217cb2aab18420799e4ee94f"},
    {file = "bacpypes3-0.0.98.tar.gz", hash = "sha256:7f95220d3ac9b52ab80933d93c018e283bd06aef53c4ea9b52940c8d3ba52d4e"},
]

[[package]]
name = "colorama"
version = "0.4.6"
description = "Cross-platform colored terminal text."
optional = false
python-versions = "!=3.0.*,!=3.1.*,!=3.2.*,!=3.3.*,!=3.4.*,!=3.5.*,!=3.6.*,>=2.7"
groups = ["main", "dev"]
files = [
    {file = "colorama-0.4.6-py2.py3-none-any.whl", hash = "sha256:4f1d9991f5acc0ca119f9d443620b77f9d6b33703e51011c16baf57afb285fc6"},
    {file = "colorama-0.4.6.tar.gz", hash = "sha256:08695f5cb7ed6e0531a20572697297273c47b8cae5a63ffc6d6ed5c201be6e44"},
]
markers = {dev = "sys_platform == \"win32\""}

[[package]]
name = "iniconfig"
version = "2.0.0"
description = "brain-dead simple config-ini parsing"
optional = false
python-versions = ">=3.7"
groups = ["dev"]
files = [
    {file = "iniconfig-2.0.0-py3-none-any.whl", hash = "sha256:b6a85871a79d2e3b22d2d1b94ac2824226a63c6b741c88f7ae975f18b6778374"},
    {file = "iniconfig-2.0.0.tar.gz", hash = "sha256:2d91e135bf72d31a410b17c16da610a82cb55f6b0477d1a902134b24a455b8b3"},
]

[[package]]
name = "packaging"
version = "24.2"
description = "Core utilities for Python packages"
optional = false
python-versions = ">=3.8"
groups = ["dev"]
files = [
    {file = "packaging-24.2-py3-none-any.whl", hash = "sha256:09abb1bccd265c01f4a3aa3f7a7db064b36514d2cba19a2f694fe6150451a759"},
    {file = "packaging-24.2.tar.gz", hash = "sha256:c228a6dc5e932d346bc5739379109d49e8853dd8223571c7c5b55260edc0b97f"},
]

[[package]]
name = "paho-mqtt"
version = "2.1.0"
description = "MQTT version 5.0/3.1.1 client class"
optional = false
python-versions = ">=3.7"
groups = ["main"]
files = [
    {file = "paho_mqtt-2.1.0-py3-none-any.whl", hash = "sha256:6db9ba9b34ed5bc6b6e3812718c7e06e2fd7444540df2455d2c51bd58808feee"},
    {file = "paho_mqtt-2.1.0.tar.gz", hash = "sha256:12d6e7511d4137555a3f6ea167ae846af2c7357b10bc6fa4f7c3968fc1723834"},
]

[package.extras]
proxy = ["pysocks"]

[[package]]
name = "pluggy"
version = "1.5.0"
description = "plugin and hook calling mechanisms for python"
optional = false
python-versions = ">=3.8"
groups = ["dev"]
files = [
    {file = "pluggy-1.5.0-py3-none-any.whl", hash = "sha256:44e1ad92c8ca002de6377e165f3e0f1be63266ab4d554740532335b9d75ea669"},
    {file = "pluggy-1.5.0.tar.gz", hash = "sha256:2cffa88e94fdc978c4c574f15f9e59b7f4201d439195c3715ca9e2486f1d0cf1"},
]

[package.extras]
dev = ["pre-commit", "tox"]
testing = ["pytest", "pytest-benchmark"]

[[package]]
name = "pytest"
version = "8.3.4"
description = "pytest: simple powerful testing with Python"
optional = false
python-versions = ">=3.8"
groups = ["dev"]
files = [
    {file = "pytest-8.3.4-py3-none-any.whl", hash = "sha256:50e16d954148559c9a74109af1eaf0c945ba2d8f30f0a3d3335edde19788b6f6"},
    {file = "pytest-8.3.4.tar.gz", hash = "sha256:965370d062bce11e73868e0335abac31b4d3de0e82f4007408d242b4f8610761"},
]

[package.dependencies]
colorama = {version = "*", markers = "sys_platform == \"win32\""}
iniconfig = "*"
packaging = "*"
pluggy = ">=1.5,<2"

[package.extras]
dev = ["argcomplete", "attrs (>=19.2)", "hypothesis (>=3.56)", "mock", "pygments (>=2.7.2)", "requests", "setuptools", "xmlschema"]

[[package]]
name = "python-dotenv"
version = "1.0.1"
description = "Read key-value pairs from a .env file and set them as environment variables"
optional = false
python-versions = ">=3.8"
groups = ["main"]
files = [
    {file = "python-dotenv-1.0.1.tar.gz", hash = "sha256:e324ee90a023d808f1959c46bcbc04446a10ced277783dc6ee09987c37ec10ca"},
    {file = "python_dotenv-1.0.1-py3-none-any.whl", hash = "sha256:f7b63ef50f1b690dddf550d03497b66d609393b40b564ed0d674909a68ebf16a"},
]

[package.extras]
cli = ["click (>=5.0)"]

[[package]]
name = "pytz"
version = "2024.2"
description = "World timezone definitions, modern and historical"
optional = false
python-versions = "*"
groups = ["main"]
files = [
    {file = "pytz-2024.2-py2.py3-none-any.whl", hash = "sha256:31c7c1817eb7fae7ca4b8c7ee50c72f93aa2dd863de768e1ef4245d426aa0725"},
    {file = "pytz-2024.2.tar.gz", hash = "sha256:2aa355083c50a0f93fa581709deac0c9ad65cca8a9e9beac660adcbd493c798a"},
]

[[package]]
name = "typing-extensions"
version = "4.12.2"
description = "Backported and Experimental Type Hints for Python 3.8+"
optional = false
python-versions = ">=3.8"
groups = ["main"]
files = [
    {file = "typing_extensions-4.12.2-py3-none-any.whl", hash = "sha256:04e5ca0351e0f3f85c6853954072df659d0d13fac324d0072316b67d7794700d"},
    {file = "typing_extensions-4.12.2.tar.gz", hash = "sha256:1a7ead55c7e559dd4dee8856e3a88b41225abfe1ce8df57b7c13915fe121ffb8"},
]

[metadata]
lock-version = "2.1"
python-versions = ">=3.11"
content-hash = "5e1d4e119cbb426a14cefcbe65b1cfde595063cb90abd6b6d68f1fafd15b628d"
